// !$*UTF8*$!
{
	archiveVersion = 1;
	classes = {
	};
	objectVersion = 55;
	objects = {

/* Begin PBXBuildFile section */
		0704B9CB288C5B9500E216D8 /* AlertItemView.swift in Sources */ = {isa = PBXBuildFile; fileRef = 0704B9CA288C5B9500E216D8 /* AlertItemView.swift */; };
		0704B9CE288C7CC600E216D8 /* FirebaseAuth in Frameworks */ = {isa = PBXBuildFile; productRef = 0704B9CD288C7CC600E216D8 /* FirebaseAuth */; };
		0704B9D0288C7CC600E216D8 /* FirebaseFirestore in Frameworks */ = {isa = PBXBuildFile; productRef = 0704B9CF288C7CC600E216D8 /* FirebaseFirestore */; };
		0704B9D2288C7CC600E216D8 /* FirebaseStorage in Frameworks */ = {isa = PBXBuildFile; productRef = 0704B9D1288C7CC600E216D8 /* FirebaseStorage */; };
		071B63BC28DBFCB5007B56AE /* Category.swift in Sources */ = {isa = PBXBuildFile; fileRef = 071B63BB28DBFCB5007B56AE /* Category.swift */; };
		07202F25289F04EF00C68AC3 /* CaptureItemPhotoViewModel.swift in Sources */ = {isa = PBXBuildFile; fileRef = 07202F24289F04EF00C68AC3 /* CaptureItemPhotoViewModel.swift */; };
		07202F27289F0D4500C68AC3 /* Item.swift in Sources */ = {isa = PBXBuildFile; fileRef = 07202F26289F0D4500C68AC3 /* Item.swift */; };
		072B887B2888D7940016BC95 /* FridgeBuddyApp.swift in Sources */ = {isa = PBXBuildFile; fileRef = 072B887A2888D7940016BC95 /* FridgeBuddyApp.swift */; };
		072B887F2888D7960016BC95 /* Assets.xcassets in Resources */ = {isa = PBXBuildFile; fileRef = 072B887E2888D7960016BC95 /* Assets.xcassets */; };
		072B88822888D7960016BC95 /* Preview Assets.xcassets in Resources */ = {isa = PBXBuildFile; fileRef = 072B88812888D7960016BC95 /* Preview Assets.xcassets */; };
		072B88892888DA450016BC95 /* GoogleService-Info.plist in Resources */ = {isa = PBXBuildFile; fileRef = 072B88882888DA450016BC95 /* GoogleService-Info.plist */; };
		072B88912888DCF90016BC95 /* LaunchView.swift in Sources */ = {isa = PBXBuildFile; fileRef = 072B88902888DCF90016BC95 /* LaunchView.swift */; };
		072B88932888DD0C0016BC95 /* LaunchViewModel.swift in Sources */ = {isa = PBXBuildFile; fileRef = 072B88922888DD0C0016BC95 /* LaunchViewModel.swift */; };
		072B889C2888F9E80016BC95 /* ItemsView.swift in Sources */ = {isa = PBXBuildFile; fileRef = 072B889B2888F9E80016BC95 /* ItemsView.swift */; };
		072B889E2888F9FE0016BC95 /* ItemsViewModel.swift in Sources */ = {isa = PBXBuildFile; fileRef = 072B889D2888F9FE0016BC95 /* ItemsViewModel.swift */; };
		072B88A02888FA1C0016BC95 /* AddView.swift in Sources */ = {isa = PBXBuildFile; fileRef = 072B889F2888FA1C0016BC95 /* AddView.swift */; };
		072B88A22888FA2A0016BC95 /* AddViewModel.swift in Sources */ = {isa = PBXBuildFile; fileRef = 072B88A12888FA2A0016BC95 /* AddViewModel.swift */; };
		072B88A42888FA590016BC95 /* RecipesView.swift in Sources */ = {isa = PBXBuildFile; fileRef = 072B88A32888FA590016BC95 /* RecipesView.swift */; };
		072B88A62888FA6F0016BC95 /* RecipesViewModel.swift in Sources */ = {isa = PBXBuildFile; fileRef = 072B88A52888FA6F0016BC95 /* RecipesViewModel.swift */; };
		072B88A82888FA8A0016BC95 /* MoreView.swift in Sources */ = {isa = PBXBuildFile; fileRef = 072B88A72888FA8A0016BC95 /* MoreView.swift */; };
		072B88AA2888FA990016BC95 /* MoreViewModel.swift in Sources */ = {isa = PBXBuildFile; fileRef = 072B88A92888FA990016BC95 /* MoreViewModel.swift */; };
		0787605B28982B8C00285CC1 /* AppDelegate.swift in Sources */ = {isa = PBXBuildFile; fileRef = 0787605A28982B8C00285CC1 /* AppDelegate.swift */; };
		0787606228986A1B00285CC1 /* CameraView.swift in Sources */ = {isa = PBXBuildFile; fileRef = 0787606128986A1B00285CC1 /* CameraView.swift */; };
		078760642898A11400285CC1 /* CameraService.swift in Sources */ = {isa = PBXBuildFile; fileRef = 078760632898A11400285CC1 /* CameraService.swift */; };
		078760662898D1AD00285CC1 /* CaptureItemPhotoView.swift in Sources */ = {isa = PBXBuildFile; fileRef = 078760652898D1AD00285CC1 /* CaptureItemPhotoView.swift */; };
		078760682898DBD200285CC1 /* AddFormView.swift in Sources */ = {isa = PBXBuildFile; fileRef = 078760672898DBD200285CC1 /* AddFormView.swift */; };
		0787606A2898DF7800285CC1 /* AddFormViewModel.swift in Sources */ = {isa = PBXBuildFile; fileRef = 078760692898DF7800285CC1 /* AddFormViewModel.swift */; };
		078FF9CA288AEF2300BD5E7D /* LoginView.swift in Sources */ = {isa = PBXBuildFile; fileRef = 078FF9C9288AEF2300BD5E7D /* LoginView.swift */; };
		078FF9CC288AEF3500BD5E7D /* LoginViewModel.swift in Sources */ = {isa = PBXBuildFile; fileRef = 078FF9CB288AEF3500BD5E7D /* LoginViewModel.swift */; };
		078FF9CE288B798200BD5E7D /* SignUpView.swift in Sources */ = {isa = PBXBuildFile; fileRef = 078FF9CD288B798200BD5E7D /* SignUpView.swift */; };
		078FF9D0288B799000BD5E7D /* SignUpViewModel.swift in Sources */ = {isa = PBXBuildFile; fileRef = 078FF9CF288B799000BD5E7D /* SignUpViewModel.swift */; };
		07A25E3328C6D66E00DCAC28 /* SearchBarView.swift in Sources */ = {isa = PBXBuildFile; fileRef = 07A25E3228C6D66E00DCAC28 /* SearchBarView.swift */; };
		07F1D7B1288B9A0C00178430 /* ButtonView.swift in Sources */ = {isa = PBXBuildFile; fileRef = 07F1D7B0288B9A0B00178430 /* ButtonView.swift */; };
		07F1D7B3288B9C0700178430 /* TextFieldView.swift in Sources */ = {isa = PBXBuildFile; fileRef = 07F1D7B2288B9C0700178430 /* TextFieldView.swift */; };
		07F1D7B5288B9FFA00178430 /* SecureTextFieldView.swift in Sources */ = {isa = PBXBuildFile; fileRef = 07F1D7B4288B9FFA00178430 /* SecureTextFieldView.swift */; };
		07F1D7B7288BA37C00178430 /* IconView.swift in Sources */ = {isa = PBXBuildFile; fileRef = 07F1D7B6288BA37C00178430 /* IconView.swift */; };
/* End PBXBuildFile section */

/* Begin PBXFileReference section */
		0704B9CA288C5B9500E216D8 /* AlertItemView.swift */ = {isa = PBXFileReference; lastKnownFileType = sourcecode.swift; path = AlertItemView.swift; sourceTree = "<group>"; };
		071B63BB28DBFCB5007B56AE /* Category.swift */ = {isa = PBXFileReference; lastKnownFileType = sourcecode.swift; path = Category.swift; sourceTree = "<group>"; };
		07202F24289F04EF00C68AC3 /* CaptureItemPhotoViewModel.swift */ = {isa = PBXFileReference; lastKnownFileType = sourcecode.swift; path = CaptureItemPhotoViewModel.swift; sourceTree = "<group>"; };
		07202F26289F0D4500C68AC3 /* Item.swift */ = {isa = PBXFileReference; lastKnownFileType = sourcecode.swift; path = Item.swift; sourceTree = "<group>"; };
		072B88772888D7940016BC95 /* FridgeBuddy.app */ = {isa = PBXFileReference; explicitFileType = wrapper.application; includeInIndex = 0; path = FridgeBuddy.app; sourceTree = BUILT_PRODUCTS_DIR; };
		072B887A2888D7940016BC95 /* FridgeBuddyApp.swift */ = {isa = PBXFileReference; lastKnownFileType = sourcecode.swift; path = FridgeBuddyApp.swift; sourceTree = "<group>"; };
		072B887E2888D7960016BC95 /* Assets.xcassets */ = {isa = PBXFileReference; lastKnownFileType = folder.assetcatalog; path = Assets.xcassets; sourceTree = "<group>"; };
		072B88812888D7960016BC95 /* Preview Assets.xcassets */ = {isa = PBXFileReference; lastKnownFileType = folder.assetcatalog; path = "Preview Assets.xcassets"; sourceTree = "<group>"; };
		072B88882888DA450016BC95 /* GoogleService-Info.plist */ = {isa = PBXFileReference; fileEncoding = 4; lastKnownFileType = text.plist.xml; path = "GoogleService-Info.plist"; sourceTree = "<group>"; };
		072B88902888DCF90016BC95 /* LaunchView.swift */ = {isa = PBXFileReference; lastKnownFileType = sourcecode.swift; path = LaunchView.swift; sourceTree = "<group>"; };
		072B88922888DD0C0016BC95 /* LaunchViewModel.swift */ = {isa = PBXFileReference; lastKnownFileType = sourcecode.swift; path = LaunchViewModel.swift; sourceTree = "<group>"; };
		072B889B2888F9E80016BC95 /* ItemsView.swift */ = {isa = PBXFileReference; lastKnownFileType = sourcecode.swift; path = ItemsView.swift; sourceTree = "<group>"; };
		072B889D2888F9FE0016BC95 /* ItemsViewModel.swift */ = {isa = PBXFileReference; lastKnownFileType = sourcecode.swift; path = ItemsViewModel.swift; sourceTree = "<group>"; };
		072B889F2888FA1C0016BC95 /* AddView.swift */ = {isa = PBXFileReference; lastKnownFileType = sourcecode.swift; path = AddView.swift; sourceTree = "<group>"; };
		072B88A12888FA2A0016BC95 /* AddViewModel.swift */ = {isa = PBXFileReference; lastKnownFileType = sourcecode.swift; path = AddViewModel.swift; sourceTree = "<group>"; };
		072B88A32888FA590016BC95 /* RecipesView.swift */ = {isa = PBXFileReference; lastKnownFileType = sourcecode.swift; path = RecipesView.swift; sourceTree = "<group>"; };
		072B88A52888FA6F0016BC95 /* RecipesViewModel.swift */ = {isa = PBXFileReference; lastKnownFileType = sourcecode.swift; path = RecipesViewModel.swift; sourceTree = "<group>"; };
		072B88A72888FA8A0016BC95 /* MoreView.swift */ = {isa = PBXFileReference; lastKnownFileType = sourcecode.swift; path = MoreView.swift; sourceTree = "<group>"; };
		072B88A92888FA990016BC95 /* MoreViewModel.swift */ = {isa = PBXFileReference; lastKnownFileType = sourcecode.swift; path = MoreViewModel.swift; sourceTree = "<group>"; };
		0787605A28982B8C00285CC1 /* AppDelegate.swift */ = {isa = PBXFileReference; lastKnownFileType = sourcecode.swift; path = AppDelegate.swift; sourceTree = "<group>"; };
		0787606128986A1B00285CC1 /* CameraView.swift */ = {isa = PBXFileReference; lastKnownFileType = sourcecode.swift; path = CameraView.swift; sourceTree = "<group>"; };
		078760632898A11400285CC1 /* CameraService.swift */ = {isa = PBXFileReference; lastKnownFileType = sourcecode.swift; path = CameraService.swift; sourceTree = "<group>"; };
		078760652898D1AD00285CC1 /* CaptureItemPhotoView.swift */ = {isa = PBXFileReference; lastKnownFileType = sourcecode.swift; path = CaptureItemPhotoView.swift; sourceTree = "<group>"; };
		078760672898DBD200285CC1 /* AddFormView.swift */ = {isa = PBXFileReference; lastKnownFileType = sourcecode.swift; path = AddFormView.swift; sourceTree = "<group>"; };
		078760692898DF7800285CC1 /* AddFormViewModel.swift */ = {isa = PBXFileReference; lastKnownFileType = sourcecode.swift; path = AddFormViewModel.swift; sourceTree = "<group>"; };
		078FF9C9288AEF2300BD5E7D /* LoginView.swift */ = {isa = PBXFileReference; lastKnownFileType = sourcecode.swift; path = LoginView.swift; sourceTree = "<group>"; };
		078FF9CB288AEF3500BD5E7D /* LoginViewModel.swift */ = {isa = PBXFileReference; lastKnownFileType = sourcecode.swift; path = LoginViewModel.swift; sourceTree = "<group>"; };
		078FF9CD288B798200BD5E7D /* SignUpView.swift */ = {isa = PBXFileReference; lastKnownFileType = sourcecode.swift; path = SignUpView.swift; sourceTree = "<group>"; };
		078FF9CF288B799000BD5E7D /* SignUpViewModel.swift */ = {isa = PBXFileReference; lastKnownFileType = sourcecode.swift; path = SignUpViewModel.swift; sourceTree = "<group>"; };
		07A25E3228C6D66E00DCAC28 /* SearchBarView.swift */ = {isa = PBXFileReference; lastKnownFileType = sourcecode.swift; path = SearchBarView.swift; sourceTree = "<group>"; };
		07F1D7B0288B9A0B00178430 /* ButtonView.swift */ = {isa = PBXFileReference; lastKnownFileType = sourcecode.swift; path = ButtonView.swift; sourceTree = "<group>"; };
		07F1D7B2288B9C0700178430 /* TextFieldView.swift */ = {isa = PBXFileReference; lastKnownFileType = sourcecode.swift; path = TextFieldView.swift; sourceTree = "<group>"; };
		07F1D7B4288B9FFA00178430 /* SecureTextFieldView.swift */ = {isa = PBXFileReference; lastKnownFileType = sourcecode.swift; path = SecureTextFieldView.swift; sourceTree = "<group>"; };
		07F1D7B6288BA37C00178430 /* IconView.swift */ = {isa = PBXFileReference; lastKnownFileType = sourcecode.swift; path = IconView.swift; sourceTree = "<group>"; };
/* End PBXFileReference section */

/* Begin PBXFrameworksBuildPhase section */
		072B88742888D7940016BC95 /* Frameworks */ = {
			isa = PBXFrameworksBuildPhase;
			buildActionMask = 2147483647;
			files = (
				0704B9CE288C7CC600E216D8 /* FirebaseAuth in Frameworks */,
				0704B9D0288C7CC600E216D8 /* FirebaseFirestore in Frameworks */,
				0704B9D2288C7CC600E216D8 /* FirebaseStorage in Frameworks */,
			);
			runOnlyForDeploymentPostprocessing = 0;
		};
/* End PBXFrameworksBuildPhase section */

/* Begin PBXGroup section */
		07202F21289EE42A00C68AC3 /* CaptureItemphoto */ = {
			isa = PBXGroup;
			children = (
				078760652898D1AD00285CC1 /* CaptureItemPhotoView.swift */,
				07202F24289F04EF00C68AC3 /* CaptureItemPhotoViewModel.swift */,
			);
			path = CaptureItemphoto;
			sourceTree = "<group>";
		};
		072B886E2888D7940016BC95 = {
			isa = PBXGroup;
			children = (
				072B88792888D7940016BC95 /* FridgeBuddy */,
				072B88782888D7940016BC95 /* Products */,
			);
			sourceTree = "<group>";
		};
		072B88782888D7940016BC95 /* Products */ = {
			isa = PBXGroup;
			children = (
				072B88772888D7940016BC95 /* FridgeBuddy.app */,
			);
			name = Products;
			sourceTree = "<group>";
		};
		072B88792888D7940016BC95 /* FridgeBuddy */ = {
			isa = PBXGroup;
			children = (
				07F1D7AF288B99CE00178430 /* Helpers */,
				07202F21289EE42A00C68AC3 /* CaptureItemphoto */,
				0787606028986A0E00285CC1 /* Camera */,
				078FF9C8288AEF0F00BD5E7D /* Account */,
				072B889A2888F9C80016BC95 /* More */,
				072B88992888F9C00016BC95 /* Recipes */,
				072B88972888F9AE0016BC95 /* Add */,
				072B88962888F99E0016BC95 /* Items */,
				072B888F2888DCDC0016BC95 /* Launch */,
				072B88942888DD1A0016BC95 /* Models */,
				072B887A2888D7940016BC95 /* FridgeBuddyApp.swift */,
				0787605A28982B8C00285CC1 /* AppDelegate.swift */,
				072B88882888DA450016BC95 /* GoogleService-Info.plist */,
				072B887E2888D7960016BC95 /* Assets.xcassets */,
				072B88802888D7960016BC95 /* Preview Content */,
			);
			path = FridgeBuddy;
			sourceTree = "<group>";
		};
		072B88802888D7960016BC95 /* Preview Content */ = {
			isa = PBXGroup;
			children = (
				072B88812888D7960016BC95 /* Preview Assets.xcassets */,
			);
			path = "Preview Content";
			sourceTree = "<group>";
		};
		072B888F2888DCDC0016BC95 /* Launch */ = {
			isa = PBXGroup;
			children = (
				072B88902888DCF90016BC95 /* LaunchView.swift */,
				072B88922888DD0C0016BC95 /* LaunchViewModel.swift */,
			);
			path = Launch;
			sourceTree = "<group>";
		};
		072B88942888DD1A0016BC95 /* Models */ = {
			isa = PBXGroup;
			children = (
				0704B9CA288C5B9500E216D8 /* AlertItemView.swift */,
				07202F26289F0D4500C68AC3 /* Item.swift */,
				071B63BB28DBFCB5007B56AE /* Category.swift */,
			);
			path = Models;
			sourceTree = "<group>";
		};
		072B88962888F99E0016BC95 /* Items */ = {
			isa = PBXGroup;
			children = (
				072B889B2888F9E80016BC95 /* ItemsView.swift */,
				072B889D2888F9FE0016BC95 /* ItemsViewModel.swift */,
			);
			path = Items;
			sourceTree = "<group>";
		};
		072B88972888F9AE0016BC95 /* Add */ = {
			isa = PBXGroup;
			children = (
				072B889F2888FA1C0016BC95 /* AddView.swift */,
				072B88A12888FA2A0016BC95 /* AddViewModel.swift */,
				078760672898DBD200285CC1 /* AddFormView.swift */,
				078760692898DF7800285CC1 /* AddFormViewModel.swift */,
			);
			path = Add;
			sourceTree = "<group>";
		};
		072B88992888F9C00016BC95 /* Recipes */ = {
			isa = PBXGroup;
			children = (
				072B88A32888FA590016BC95 /* RecipesView.swift */,
				072B88A52888FA6F0016BC95 /* RecipesViewModel.swift */,
			);
			path = Recipes;
			sourceTree = "<group>";
		};
		072B889A2888F9C80016BC95 /* More */ = {
			isa = PBXGroup;
			children = (
				072B88A72888FA8A0016BC95 /* MoreView.swift */,
				072B88A92888FA990016BC95 /* MoreViewModel.swift */,
			);
			path = More;
			sourceTree = "<group>";
		};
		0787606028986A0E00285CC1 /* Camera */ = {
			isa = PBXGroup;
			children = (
				0787606128986A1B00285CC1 /* CameraView.swift */,
				078760632898A11400285CC1 /* CameraService.swift */,
			);
			path = Camera;
			sourceTree = "<group>";
		};
		078FF9C8288AEF0F00BD5E7D /* Account */ = {
			isa = PBXGroup;
			children = (
				078FF9C9288AEF2300BD5E7D /* LoginView.swift */,
				078FF9CB288AEF3500BD5E7D /* LoginViewModel.swift */,
				078FF9CD288B798200BD5E7D /* SignUpView.swift */,
				078FF9CF288B799000BD5E7D /* SignUpViewModel.swift */,
			);
			path = Account;
			sourceTree = "<group>";
		};
		07F1D7AF288B99CE00178430 /* Helpers */ = {
			isa = PBXGroup;
			children = (
				07F1D7B0288B9A0B00178430 /* ButtonView.swift */,
				07F1D7B2288B9C0700178430 /* TextFieldView.swift */,
				07F1D7B4288B9FFA00178430 /* SecureTextFieldView.swift */,
				07F1D7B6288BA37C00178430 /* IconView.swift */,
				07A25E3228C6D66E00DCAC28 /* SearchBarView.swift */,
			);
			path = Helpers;
			sourceTree = "<group>";
		};
/* End PBXGroup section */

/* Begin PBXNativeTarget section */
		072B88762888D7940016BC95 /* FridgeBuddy */ = {
			isa = PBXNativeTarget;
			buildConfigurationList = 072B88852888D7960016BC95 /* Build configuration list for PBXNativeTarget "FridgeBuddy" */;
			buildPhases = (
				072B88732888D7940016BC95 /* Sources */,
				072B88742888D7940016BC95 /* Frameworks */,
				072B88752888D7940016BC95 /* Resources */,
			);
			buildRules = (
			);
			dependencies = (
			);
			name = FridgeBuddy;
			packageProductDependencies = (
				0704B9CD288C7CC600E216D8 /* FirebaseAuth */,
				0704B9CF288C7CC600E216D8 /* FirebaseFirestore */,
				0704B9D1288C7CC600E216D8 /* FirebaseStorage */,
			);
			productName = FridgeBuddy;
			productReference = 072B88772888D7940016BC95 /* FridgeBuddy.app */;
			productType = "com.apple.product-type.application";
		};
/* End PBXNativeTarget section */

/* Begin PBXProject section */
		072B886F2888D7940016BC95 /* Project object */ = {
			isa = PBXProject;
			attributes = {
				BuildIndependentTargetsInParallel = 1;
				LastSwiftUpdateCheck = 1340;
				LastUpgradeCheck = 1340;
				TargetAttributes = {
					072B88762888D7940016BC95 = {
						CreatedOnToolsVersion = 13.4.1;
					};
				};
			};
			buildConfigurationList = 072B88722888D7940016BC95 /* Build configuration list for PBXProject "FridgeBuddy" */;
			compatibilityVersion = "Xcode 13.0";
			developmentRegion = en;
			hasScannedForEncodings = 0;
			knownRegions = (
				en,
				Base,
			);
			mainGroup = 072B886E2888D7940016BC95;
			packageReferences = (
				0704B9CC288C7CC600E216D8 /* XCRemoteSwiftPackageReference "firebase-ios-sdk" */,
			);
			productRefGroup = 072B88782888D7940016BC95 /* Products */;
			projectDirPath = "";
			projectRoot = "";
			targets = (
				072B88762888D7940016BC95 /* FridgeBuddy */,
			);
		};
/* End PBXProject section */

/* Begin PBXResourcesBuildPhase section */
		072B88752888D7940016BC95 /* Resources */ = {
			isa = PBXResourcesBuildPhase;
			buildActionMask = 2147483647;
			files = (
				072B88822888D7960016BC95 /* Preview Assets.xcassets in Resources */,
				072B887F2888D7960016BC95 /* Assets.xcassets in Resources */,
				072B88892888DA450016BC95 /* GoogleService-Info.plist in Resources */,
			);
			runOnlyForDeploymentPostprocessing = 0;
		};
/* End PBXResourcesBuildPhase section */

/* Begin PBXSourcesBuildPhase section */
		072B88732888D7940016BC95 /* Sources */ = {
			isa = PBXSourcesBuildPhase;
			buildActionMask = 2147483647;
			files = (
				078FF9D0288B799000BD5E7D /* SignUpViewModel.swift in Sources */,
				072B889E2888F9FE0016BC95 /* ItemsViewModel.swift in Sources */,
				07F1D7B1288B9A0C00178430 /* ButtonView.swift in Sources */,
				078FF9CE288B798200BD5E7D /* SignUpView.swift in Sources */,
				07202F27289F0D4500C68AC3 /* Item.swift in Sources */,
				07202F25289F04EF00C68AC3 /* CaptureItemPhotoViewModel.swift in Sources */,
				07F1D7B3288B9C0700178430 /* TextFieldView.swift in Sources */,
				072B88912888DCF90016BC95 /* LaunchView.swift in Sources */,
				072B88AA2888FA990016BC95 /* MoreViewModel.swift in Sources */,
				0787606228986A1B00285CC1 /* CameraView.swift in Sources */,
				072B88A42888FA590016BC95 /* RecipesView.swift in Sources */,
				071B63BC28DBFCB5007B56AE /* Category.swift in Sources */,
				0704B9CB288C5B9500E216D8 /* AlertItemView.swift in Sources */,
				072B88A22888FA2A0016BC95 /* AddViewModel.swift in Sources */,
				072B88A02888FA1C0016BC95 /* AddView.swift in Sources */,
				078760682898DBD200285CC1 /* AddFormView.swift in Sources */,
				078760642898A11400285CC1 /* CameraService.swift in Sources */,
				078FF9CA288AEF2300BD5E7D /* LoginView.swift in Sources */,
				07F1D7B5288B9FFA00178430 /* SecureTextFieldView.swift in Sources */,
				07A25E3328C6D66E00DCAC28 /* SearchBarView.swift in Sources */,
				0787606A2898DF7800285CC1 /* AddFormViewModel.swift in Sources */,
				07F1D7B7288BA37C00178430 /* IconView.swift in Sources */,
				072B887B2888D7940016BC95 /* FridgeBuddyApp.swift in Sources */,
				078760662898D1AD00285CC1 /* CaptureItemPhotoView.swift in Sources */,
				078FF9CC288AEF3500BD5E7D /* LoginViewModel.swift in Sources */,
				072B88A62888FA6F0016BC95 /* RecipesViewModel.swift in Sources */,
				072B88932888DD0C0016BC95 /* LaunchViewModel.swift in Sources */,
				072B889C2888F9E80016BC95 /* ItemsView.swift in Sources */,
				072B88A82888FA8A0016BC95 /* MoreView.swift in Sources */,
				0787605B28982B8C00285CC1 /* AppDelegate.swift in Sources */,
			);
			runOnlyForDeploymentPostprocessing = 0;
		};
/* End PBXSourcesBuildPhase section */

/* Begin XCBuildConfiguration section */
		072B88832888D7960016BC95 /* Debug */ = {
			isa = XCBuildConfiguration;
			buildSettings = {
				ALWAYS_SEARCH_USER_PATHS = NO;
				CLANG_ANALYZER_NONNULL = YES;
				CLANG_ANALYZER_NUMBER_OBJECT_CONVERSION = YES_AGGRESSIVE;
				CLANG_CXX_LANGUAGE_STANDARD = "gnu++17";
				CLANG_ENABLE_MODULES = YES;
				CLANG_ENABLE_OBJC_ARC = YES;
				CLANG_ENABLE_OBJC_WEAK = YES;
				CLANG_WARN_BLOCK_CAPTURE_AUTORELEASING = YES;
				CLANG_WARN_BOOL_CONVERSION = YES;
				CLANG_WARN_COMMA = YES;
				CLANG_WARN_CONSTANT_CONVERSION = YES;
				CLANG_WARN_DEPRECATED_OBJC_IMPLEMENTATIONS = YES;
				CLANG_WARN_DIRECT_OBJC_ISA_USAGE = YES_ERROR;
				CLANG_WARN_DOCUMENTATION_COMMENTS = YES;
				CLANG_WARN_EMPTY_BODY = YES;
				CLANG_WARN_ENUM_CONVERSION = YES;
				CLANG_WARN_INFINITE_RECURSION = YES;
				CLANG_WARN_INT_CONVERSION = YES;
				CLANG_WARN_NON_LITERAL_NULL_CONVERSION = YES;
				CLANG_WARN_OBJC_IMPLICIT_RETAIN_SELF = YES;
				CLANG_WARN_OBJC_LITERAL_CONVERSION = YES;
				CLANG_WARN_OBJC_ROOT_CLASS = YES_ERROR;
				CLANG_WARN_QUOTED_INCLUDE_IN_FRAMEWORK_HEADER = YES;
				CLANG_WARN_RANGE_LOOP_ANALYSIS = YES;
				CLANG_WARN_STRICT_PROTOTYPES = YES;
				CLANG_WARN_SUSPICIOUS_MOVE = YES;
				CLANG_WARN_UNGUARDED_AVAILABILITY = YES_AGGRESSIVE;
				CLANG_WARN_UNREACHABLE_CODE = YES;
				CLANG_WARN__DUPLICATE_METHOD_MATCH = YES;
				COPY_PHASE_STRIP = NO;
				DEBUG_INFORMATION_FORMAT = dwarf;
				ENABLE_STRICT_OBJC_MSGSEND = YES;
				ENABLE_TESTABILITY = YES;
				GCC_C_LANGUAGE_STANDARD = gnu11;
				GCC_DYNAMIC_NO_PIC = NO;
				GCC_NO_COMMON_BLOCKS = YES;
				GCC_OPTIMIZATION_LEVEL = 0;
				GCC_PREPROCESSOR_DEFINITIONS = (
					"DEBUG=1",
					"$(inherited)",
				);
				GCC_WARN_64_TO_32_BIT_CONVERSION = YES;
				GCC_WARN_ABOUT_RETURN_TYPE = YES_ERROR;
				GCC_WARN_UNDECLARED_SELECTOR = YES;
				GCC_WARN_UNINITIALIZED_AUTOS = YES_AGGRESSIVE;
				GCC_WARN_UNUSED_FUNCTION = YES;
				GCC_WARN_UNUSED_VARIABLE = YES;
				IPHONEOS_DEPLOYMENT_TARGET = 15.5;
				MTL_ENABLE_DEBUG_INFO = INCLUDE_SOURCE;
				MTL_FAST_MATH = YES;
				ONLY_ACTIVE_ARCH = YES;
				SDKROOT = iphoneos;
				SWIFT_ACTIVE_COMPILATION_CONDITIONS = DEBUG;
				SWIFT_OPTIMIZATION_LEVEL = "-Onone";
			};
			name = Debug;
		};
		072B88842888D7960016BC95 /* Release */ = {
			isa = XCBuildConfiguration;
			buildSettings = {
				ALWAYS_SEARCH_USER_PATHS = NO;
				CLANG_ANALYZER_NONNULL = YES;
				CLANG_ANALYZER_NUMBER_OBJECT_CONVERSION = YES_AGGRESSIVE;
				CLANG_CXX_LANGUAGE_STANDARD = "gnu++17";
				CLANG_ENABLE_MODULES = YES;
				CLANG_ENABLE_OBJC_ARC = YES;
				CLANG_ENABLE_OBJC_WEAK = YES;
				CLANG_WARN_BLOCK_CAPTURE_AUTORELEASING = YES;
				CLANG_WARN_BOOL_CONVERSION = YES;
				CLANG_WARN_COMMA = YES;
				CLANG_WARN_CONSTANT_CONVERSION = YES;
				CLANG_WARN_DEPRECATED_OBJC_IMPLEMENTATIONS = YES;
				CLANG_WARN_DIRECT_OBJC_ISA_USAGE = YES_ERROR;
				CLANG_WARN_DOCUMENTATION_COMMENTS = YES;
				CLANG_WARN_EMPTY_BODY = YES;
				CLANG_WARN_ENUM_CONVERSION = YES;
				CLANG_WARN_INFINITE_RECURSION = YES;
				CLANG_WARN_INT_CONVERSION = YES;
				CLANG_WARN_NON_LITERAL_NULL_CONVERSION = YES;
				CLANG_WARN_OBJC_IMPLICIT_RETAIN_SELF = YES;
				CLANG_WARN_OBJC_LITERAL_CONVERSION = YES;
				CLANG_WARN_OBJC_ROOT_CLASS = YES_ERROR;
				CLANG_WARN_QUOTED_INCLUDE_IN_FRAMEWORK_HEADER = YES;
				CLANG_WARN_RANGE_LOOP_ANALYSIS = YES;
				CLANG_WARN_STRICT_PROTOTYPES = YES;
				CLANG_WARN_SUSPICIOUS_MOVE = YES;
				CLANG_WARN_UNGUARDED_AVAILABILITY = YES_AGGRESSIVE;
				CLANG_WARN_UNREACHABLE_CODE = YES;
				CLANG_WARN__DUPLICATE_METHOD_MATCH = YES;
				COPY_PHASE_STRIP = NO;
				DEBUG_INFORMATION_FORMAT = "dwarf-with-dsym";
				ENABLE_NS_ASSERTIONS = NO;
				ENABLE_STRICT_OBJC_MSGSEND = YES;
				GCC_C_LANGUAGE_STANDARD = gnu11;
				GCC_NO_COMMON_BLOCKS = YES;
				GCC_WARN_64_TO_32_BIT_CONVERSION = YES;
				GCC_WARN_ABOUT_RETURN_TYPE = YES_ERROR;
				GCC_WARN_UNDECLARED_SELECTOR = YES;
				GCC_WARN_UNINITIALIZED_AUTOS = YES_AGGRESSIVE;
				GCC_WARN_UNUSED_FUNCTION = YES;
				GCC_WARN_UNUSED_VARIABLE = YES;
				IPHONEOS_DEPLOYMENT_TARGET = 15.5;
				MTL_ENABLE_DEBUG_INFO = NO;
				MTL_FAST_MATH = YES;
				SDKROOT = iphoneos;
				SWIFT_COMPILATION_MODE = wholemodule;
				SWIFT_OPTIMIZATION_LEVEL = "-O";
				VALIDATE_PRODUCT = YES;
			};
			name = Release;
		};
		072B88862888D7960016BC95 /* Debug */ = {
			isa = XCBuildConfiguration;
			buildSettings = {
				ASSETCATALOG_COMPILER_APPICON_NAME = AppIcon;
				ASSETCATALOG_COMPILER_GLOBAL_ACCENT_COLOR_NAME = AccentColor;
				CODE_SIGN_STYLE = Automatic;
				CURRENT_PROJECT_VERSION = 1;
				DEVELOPMENT_ASSET_PATHS = "\"FridgeBuddy/Preview Content\"";
				DEVELOPMENT_TEAM = 8MJU534P5N;
				ENABLE_PREVIEWS = YES;
				GENERATE_INFOPLIST_FILE = YES;
				INFOPLIST_FILE = FridgeBuddy/Info.plist;
				INFOPLIST_KEY_NSCameraUsageDescription = "Please allow to take pictures of food items.";
				INFOPLIST_KEY_UIApplicationSceneManifest_Generation = YES;
				INFOPLIST_KEY_UIApplicationSupportsIndirectInputEvents = YES;
				INFOPLIST_KEY_UILaunchScreen_Generation = YES;
				INFOPLIST_KEY_UISupportedInterfaceOrientations_iPad = "UIInterfaceOrientationPortrait UIInterfaceOrientationPortraitUpsideDown UIInterfaceOrientationLandscapeLeft UIInterfaceOrientationLandscapeRight";
				INFOPLIST_KEY_UISupportedInterfaceOrientations_iPhone = "UIInterfaceOrientationPortrait UIInterfaceOrientationLandscapeLeft UIInterfaceOrientationLandscapeRight";
				LD_RUNPATH_SEARCH_PATHS = (
					"$(inherited)",
					"@executable_path/Frameworks",
				);
				MARKETING_VERSION = 1.0;
				PRODUCT_BUNDLE_IDENTIFIER = ca.FantasticDevelopers.FridgeBuddy;
				PRODUCT_NAME = "$(TARGET_NAME)";
				SWIFT_EMIT_LOC_STRINGS = YES;
				SWIFT_VERSION = 5.0;
				TARGETED_DEVICE_FAMILY = "1,2";
			};
			name = Debug;
		};
		072B88872888D7960016BC95 /* Release */ = {
			isa = XCBuildConfiguration;
			buildSettings = {
				ASSETCATALOG_COMPILER_APPICON_NAME = AppIcon;
				ASSETCATALOG_COMPILER_GLOBAL_ACCENT_COLOR_NAME = AccentColor;
				CODE_SIGN_STYLE = Automatic;
				CURRENT_PROJECT_VERSION = 1;
				DEVELOPMENT_ASSET_PATHS = "\"FridgeBuddy/Preview Content\"";
				DEVELOPMENT_TEAM = 8MJU534P5N;
				ENABLE_PREVIEWS = YES;
				GENERATE_INFOPLIST_FILE = YES;
				INFOPLIST_FILE = FridgeBuddy/Info.plist;
				INFOPLIST_KEY_NSCameraUsageDescription = "Please allow to take pictures of food items.";
				INFOPLIST_KEY_UIApplicationSceneManifest_Generation = YES;
				INFOPLIST_KEY_UIApplicationSupportsIndirectInputEvents = YES;
				INFOPLIST_KEY_UILaunchScreen_Generation = YES;
				INFOPLIST_KEY_UISupportedInterfaceOrientations_iPad = "UIInterfaceOrientationPortrait UIInterfaceOrientationPortraitUpsideDown UIInterfaceOrientationLandscapeLeft UIInterfaceOrientationLandscapeRight";
				INFOPLIST_KEY_UISupportedInterfaceOrientations_iPhone = "UIInterfaceOrientationPortrait UIInterfaceOrientationLandscapeLeft UIInterfaceOrientationLandscapeRight";
				LD_RUNPATH_SEARCH_PATHS = (
					"$(inherited)",
					"@executable_path/Frameworks",
				);
				MARKETING_VERSION = 1.0;
				PRODUCT_BUNDLE_IDENTIFIER = ca.FantasticDevelopers.FridgeBuddy;
				PRODUCT_NAME = "$(TARGET_NAME)";
				SWIFT_EMIT_LOC_STRINGS = YES;
				SWIFT_VERSION = 5.0;
				TARGETED_DEVICE_FAMILY = "1,2";
			};
			name = Release;
		};
/* End XCBuildConfiguration section */

/* Begin XCConfigurationList section */
		072B88722888D7940016BC95 /* Build configuration list for PBXProject "FridgeBuddy" */ = {
			isa = XCConfigurationList;
			buildConfigurations = (
				072B88832888D7960016BC95 /* Debug */,
				072B88842888D7960016BC95 /* Release */,
			);
			defaultConfigurationIsVisible = 0;
			defaultConfigurationName = Release;
		};
		072B88852888D7960016BC95 /* Build configuration list for PBXNativeTarget "FridgeBuddy" */ = {
			isa = XCConfigurationList;
			buildConfigurations = (
				072B88862888D7960016BC95 /* Debug */,
				072B88872888D7960016BC95 /* Release */,
			);
			defaultConfigurationIsVisible = 0;
			defaultConfigurationName = Release;
		};
/* End XCConfigurationList section */

/* Begin XCRemoteSwiftPackageReference section */
		0704B9CC288C7CC600E216D8 /* XCRemoteSwiftPackageReference "firebase-ios-sdk" */ = {
			isa = XCRemoteSwiftPackageReference;
			repositoryURL = "https://github.com/firebase/firebase-ios-sdk";
			requirement = {
				branch = master;
				kind = branch;
			};
		};
/* End XCRemoteSwiftPackageReference section */

/* Begin XCSwiftPackageProductDependency section */
		0704B9CD288C7CC600E216D8 /* FirebaseAuth */ = {
			isa = XCSwiftPackageProductDependency;
			package = 0704B9CC288C7CC600E216D8 /* XCRemoteSwiftPackageReference "firebase-ios-sdk" */;
			productName = FirebaseAuth;
		};
		0704B9CF288C7CC600E216D8 /* FirebaseFirestore */ = {
			isa = XCSwiftPackageProductDependency;
			package = 0704B9CC288C7CC600E216D8 /* XCRemoteSwiftPackageReference "firebase-ios-sdk" */;
			productName = FirebaseFirestore;
		};
		0704B9D1288C7CC600E216D8 /* FirebaseStorage */ = {
			isa = XCSwiftPackageProductDependency;
			package = 0704B9CC288C7CC600E216D8 /* XCRemoteSwiftPackageReference "firebase-ios-sdk" */;
			productName = FirebaseStorage;
		};
/* End XCSwiftPackageProductDependency section */
	};
	rootObject = 072B886F2888D7940016BC95 /* Project object */;
}
